<?xml version="1.0" encoding="utf-8"?>
<Project ToolsVersion="4.0" xmlns="http://schemas.microsoft.com/developer/msbuild/2003">
  <ItemGroup>
    <Filter Include="win32">
      <UniqueIdentifier>{84a8ebd7-7cf0-47f6-b75e-d441df67da40}</UniqueIdentifier>
    </Filter>
    <Filter Include="resource">
      <UniqueIdentifier>{715254bc-d70b-4ec5-bf29-467dd3ace079}</UniqueIdentifier>
    </Filter>
    <Filter Include="weapon">
      <UniqueIdentifier>{f7b87c2c-a861-489e-9a08-3967b9e796b4}</UniqueIdentifier>
    </Filter>
    <Filter Include="fighter">
      <UniqueIdentifier>{63c5dfaf-d35f-4a07-b778-2c60d711325b}</UniqueIdentifier>
    </Filter>
    <Filter Include="scene">
      <UniqueIdentifier>{2ae41f79-56be-43f1-829c-28e75ad505f7}</UniqueIdentifier>
    </Filter>
    <Filter Include="base">
      <UniqueIdentifier>{7a6f415c-2844-4d72-ae8b-64c6ed77e389}</UniqueIdentifier>
    </Filter>
    <Filter Include="gem">
      <UniqueIdentifier>{05dbc624-3bc9-4d5e-ab24-9533c1cdfbce}</UniqueIdentifier>
    </Filter>
    <Filter Include="tools">
      <UniqueIdentifier>{6b5e7e10-e08f-41da-abf7-851546e3c379}</UniqueIdentifier>
    </Filter>
    <Filter Include="language">
      <UniqueIdentifier>{bd24d264-b13e-461d-9ea1-8943509f9524}</UniqueIdentifier>
    </Filter>
  </ItemGroup>
  <ItemGroup>
    <ClCompile Include="main.cpp">
      <Filter>win32</Filter>
    </ClCompile>
    <ClCompile Include="Weapon.cpp">
      <Filter>weapon</Filter>
    </ClCompile>
    <ClCompile Include="WeaponBullet.cpp">
      <Filter>weapon</Filter>
    </ClCompile>
    <ClCompile Include="WeaponGun.cpp">
      <Filter>weapon</Filter>
    </ClCompile>
    <ClCompile Include="AppDelegate.cpp">
      <Filter>base</Filter>
    </ClCompile>
    <ClCompile Include="Data.cpp">
      <Filter>base</Filter>
    </ClCompile>
    <ClCompile Include="DataLoader.cpp">
      <Filter>base</Filter>
    </ClCompile>
    <ClCompile Include="EnemyAA.cpp">
      <Filter>fighter</Filter>
    </ClCompile>
    <ClCompile Include="Fighter.cpp">
      <Filter>fighter</Filter>
    </ClCompile>
    <ClCompile Include="HelloWorldScene.cpp">
      <Filter>scene</Filter>
    </ClCompile>
    <ClCompile Include="Level.cpp">
      <Filter>base</Filter>
    </ClCompile>
    <ClCompile Include="PlayerFighter.cpp">
      <Filter>fighter</Filter>
    </ClCompile>
    <ClCompile Include="PerlinNoise.cpp">
      <Filter>base</Filter>
    </ClCompile>
    <ClCompile Include="gem.cpp">
      <Filter>gem</Filter>
    </ClCompile>
    <ClCompile Include="SimplexNoise.cpp">
      <Filter>base</Filter>
    </ClCompile>
    <ClCompile Include="PlanetGenerator.cpp">
      <Filter>tools</Filter>
    </ClCompile>
    <ClCompile Include="tinter.cpp">
      <Filter>base</Filter>
    </ClCompile>
    <ClCompile Include="stationScene.cpp">
      <Filter>scene</Filter>
    </ClCompile>
    <ClCompile Include="LanguageManager.cpp">
      <Filter>language</Filter>
    </ClCompile>
  </ItemGroup>
  <ItemGroup>
    <ClInclude Include="main.h">
      <Filter>win32</Filter>
    </ClInclude>
    <ClInclude Include="resource.h" />
    <ClInclude Include="Weapon.h">
      <Filter>weapon</Filter>
    </ClInclude>
    <ClInclude Include="WeaponBullet.h">
      <Filter>weapon</Filter>
    </ClInclude>
    <ClInclude Include="WeaponGun.h">
      <Filter>weapon</Filter>
    </ClInclude>
    <ClInclude Include="AppDelegate.h">
      <Filter>base</Filter>
    </ClInclude>
    <ClInclude Include="Data.h">
      <Filter>base</Filter>
    </ClInclude>
    <ClInclude Include="DataLoader.h">
      <Filter>base</Filter>
    </ClInclude>
    <ClInclude Include="EnemyAA.h">
      <Filter>fighter</Filter>
    </ClInclude>
    <ClInclude Include="Fighter.h">
      <Filter>fighter</Filter>
    </ClInclude>
    <ClInclude Include="HelloWorldScene.h">
      <Filter>scene</Filter>
    </ClInclude>
    <ClInclude Include="Level.h">
      <Filter>base</Filter>
    </ClInclude>
    <ClInclude Include="PlayerFighter.h">
      <Filter>fighter</Filter>
    </ClInclude>
    <ClInclude Include="PerlinNoise.h">
      <Filter>base</Filter>
    </ClInclude>
    <ClInclude Include="gem.h">
      <Filter>gem</Filter>
    </ClInclude>
    <ClInclude Include="SimplexNoise.h">
      <Filter>base</Filter>
    </ClInclude>
    <ClInclude Include="PlanetGenerator.h">
      <Filter>tools</Filter>
    </ClInclude>
    <ClInclude Include="Reflaction.h">
      <Filter>tools</Filter>
    </ClInclude>
    <ClInclude Include="tinter.h">
      <Filter>base</Filter>
    </ClInclude>
    <ClInclude Include="stationScene.h">
      <Filter>scene</Filter>
    </ClInclude>
    <ClInclude Include="LanguageManager.h">
      <Filter>language</Filter>
    </ClInclude>
  </ItemGroup>
  <ItemGroup>
    <ResourceCompile Include="game.rc">
      <Filter>resource</Filter>
    </ResourceCompile>
  </ItemGroup>
  <ItemGroup>
    <None Include="build-cfg.json" />
    <None Include="svpng.h">
      <Filter>tools</Filter>
    </None>
    <None Include="..\Resources\language\zh.json">
      <Filter>language</Filter>
    </None>
  </ItemGroup>
</Project>